{
  "name": "ec-site-alert",
  "version": "1.0.0",
  "lockfileVersion": 1,
  "requires": true,
  "dependencies": {
    "@sailshq/lodash": {
      "version": "3.10.3",
      "resolved": "https://registry.npmjs.org/@sailshq/lodash/-/lodash-3.10.3.tgz",
      "integrity": "sha512-XTF5BtsTSiSpTnfqrCGS5Q8FvSHWCywA0oRxFAZo8E1a8k1MMFUvk3VlRk3q/SusEYwy7gvVdyt9vvNlTa2VuA=="
    },
    "async": {
      "version": "3.1.0",
      "resolved": "https://registry.npmjs.org/async/-/async-3.1.0.tgz",
      "integrity": "sha512-4vx/aaY6j/j3Lw3fbCHNWP0pPaTCew3F6F3hYyl/tHs/ndmV1q7NW9T5yuJ2XAGwdQrP+6Wu20x06U4APo/iQQ=="
    },
    "bluebird": {
      "version": "3.5.5",
      "resolved": "https://registry.npmjs.org/bluebird/-/bluebird-3.5.5.tgz",
      "integrity": "sha512-5am6HnnfN+urzt4yfg7IgTbotDjIT/u8AJpEt0sIU9FtXfVeezXAPKswrG+xKUCOYAINpSdgZVDU6QFh+cuH3w=="
    }
  }
}
